
Microsoft Visual Studio Solution File, Format Version 12.00
# Visual Studio Version 16
VisualStudioVersion = 16.0.31005.135
MinimumVisualStudioVersion = 10.0.40219.1
Project("{9A19103F-16F7-4668-BE54-9A1E7A4F7556}") = "ChromeDriverUpdater", "ChromeDriverUpdater\ChromeDriverUpdater.csproj", "{9A962561-22D5-4888-9983-DEE5F8B8E0A7}"
EndProject
Project("{FAE04EC0-301F-11D3-BF4B-00C04F79EFBC}") = "ChromeDriverUpdater.Tests", "ChromeDriverUpdater.Tests\ChromeDriverUpdater.Tests.csproj", "{CDEA5035-D058-4B0E-82FF-81A8B4ADB7D9}"
EndProject
Global
	GlobalSection(SolutionConfigurationPlatforms) = preSolution
		Debug|Any CPU = Debug|Any CPU
		Release|Any CPU = Release|Any CPU
	EndGlobalSection
	GlobalSection(ProjectConfigurationPlatforms) = postSolution
		{9A962561-22D5-4888-9983-DEE5F8B8E0A7}.Debug|Any CPU.ActiveCfg = Debug|Any CPU
		{9A962561-22D5-4888-9983-DEE5F8B8E0A7}.Debug|Any CPU.Build.0 = Debug|Any CPU
		{9A962561-22D5-4888-9983-DEE5F8B8E0A7}.Release|Any CPU.ActiveCfg = Release|Any CPU
		{9A962561-22D5-4888-9983-DEE5F8B8E0A7}.Release|Any CPU.Build.0 = Release|Any CPU
		{CDEA5035-D058-4B0E-82FF-81A8B4ADB7D9}.Debug|Any CPU.ActiveCfg = Debug|Any CPU
		{CDEA5035-D058-4B0E-82FF-81A8B4ADB7D9}.Debug|Any CPU.Build.0 = Debug|Any CPU
		{CDEA5035-D058-4B0E-82FF-81A8B4ADB7D9}.Release|Any CPU.ActiveCfg = Release|Any CPU
		{CDEA5035-D058-4B0E-82FF-81A8B4ADB7D9}.Release|Any CPU.Build.0 = Release|Any CPU
	EndGlobalSection
	GlobalSection(SolutionProperties) = preSolution
		HideSolutionNode = FALSE
	EndGlobalSection
	GlobalSection(ExtensibilityGlobals) = postSolution
		SolutionGuid = {CB5267A2-C200-45A5-8AC0-D0D0D22FD064}
	EndGlobalSection
EndGlobal
